
Microsoft Visual Studio Solution File, Format Version 12.00
# Visual Studio Version 17
VisualStudioVersion = 17.10.35122.118
MinimumVisualStudioVersion = 10.0.40219.1
Project("{FAE04EC0-301F-11D3-BF4B-00C04F79EFBC}") = "PatikaOOP1", "PatikaOOP1\PatikaOOP1.csproj", "{CE6A0A6C-2BEF-40CD-9718-E237252C236E}"
EndProject
Global
	GlobalSection(SolutionConfigurationPlatforms) = preSolution
		Debug|Any CPU = Debug|Any CPU
		Release|Any CPU = Release|Any CPU
	EndGlobalSection
	GlobalSection(ProjectConfigurationPlatforms) = postSolution
		{CE6A0A6C-2BEF-40CD-9718-E237252C236E}.Debug|Any CPU.ActiveCfg = Debug|Any CPU
		{CE6A0A6C-2BEF-40CD-9718-E237252C236E}.Debug|Any CPU.Build.0 = Debug|Any CPU
		{CE6A0A6C-2BEF-40CD-9718-E237252C236E}.Release|Any CPU.ActiveCfg = Release|Any CPU
		{CE6A0A6C-2BEF-40CD-9718-E237252C236E}.Release|Any CPU.Build.0 = Release|Any CPU
	EndGlobalSection
	GlobalSection(SolutionProperties) = preSolution
		HideSolutionNode = FALSE
	EndGlobalSection
	GlobalSection(ExtensibilityGlobals) = postSolution
		SolutionGuid = {4DECFFBF-465F-4A07-9B39-E6DA51056320}
	EndGlobalSection
EndGlobal
